
Microsoft Visual Studio Solution File, Format Version 12.00
# Visual Studio Version 16
VisualStudioVersion = 16.0.30309.148
MinimumVisualStudioVersion = 10.0.40219.1
Project("{888888A0-9F3D-457C-B088-3A5042F75D52}") = "FlowTEX_PY", "FlowTEX_PY.pyproj", "{2298F5B1-5CAC-4519-A85F-3DA8E8E579CA}"
EndProject
Global
	GlobalSection(SolutionConfigurationPlatforms) = preSolution
		Debug|Any CPU = Debug|Any CPU
		Release|Any CPU = Release|Any CPU
	EndGlobalSection
	GlobalSection(ProjectConfigurationPlatforms) = postSolution
		{2298F5B1-5CAC-4519-A85F-3DA8E8E579CA}.Debug|Any CPU.ActiveCfg = Debug|Any CPU
		{2298F5B1-5CAC-4519-A85F-3DA8E8E579CA}.Release|Any CPU.ActiveCfg = Release|Any CPU
	EndGlobalSection
	GlobalSection(SolutionProperties) = preSolution
		HideSolutionNode = FALSE
	EndGlobalSection
	GlobalSection(ExtensibilityGlobals) = postSolution
		SolutionGuid = {063BF41D-64DC-4F67-B2EA-D5BD27119FF2}
	EndGlobalSection
EndGlobal
